{
  "version": 4,
  "terraform_version": "0.14.7",
  "serial": 31,
  "lineage": "fd576f54-7b1c-fb82-860d-ed94f58def02",
  "outputs": {
    "password": {
      "value": "wcFMA4Cn7pdX/QhbARAAOfjgUHwx2oGpz0y7TkQ3VB8WvkpSQebI/uQH6SCg1vjM26iJqpCZYyce66ySGiKfR3tbqDi0dHdYV2YjwWI1o/IYMF44dZAv8EJ1RJesc4XOFWONwnnhH0ZA9GC9r4zlkvBtFVfeTRqUoYQmfLRaA7VjKeP8P/LZeJyH6BLsPivJ87hikM43RDLynEE4TqE3HXIO/aNXFwAx+TfS6yvBuijrRCUnCVV4LcW2ygyeYBNXEIhbDv6p7NOKDFpes5hhf2kwpW4YbMS11vNVsCf/ORVMyM5v0vlb2OcglGyEie5k4TznbcQryugcBZDgMBfzpuveRyNpAMcD9ROXShTmH3Oo6MBUUJPJZac8LDBp5/peq3BKNvtXc9J89WekUXmGmvBsgimd5jVvamFwE44fiTfSTmkT1S8ttTU0OP+FZhAqCN9xbneAvRGaoeBhoPo8SlCzj7nc0nYg4BjRhh73o7smZvVBN0dhAgI7PF8Yl/HP0DUirWYDndSVw9Utfsu9BLmdUjaqYvT8TgaUet9psbIoVeO8UEJ6Hfqr6xNG2cGbpIPkR9MpcyTk04GTpZ3jh2sBRDulb9PUou4ISph5qjxRRXu4JY0vcVim1CmId5XDBL8huuDKYsyCc2AOSGHu0JNvNYzayhLLpg56zqsSRulR+fgi0HLRS8lM4NUiSmjS4AHk9hAmIyuxrU4hqvK5Zu8ZhuHIGeB54Gjha/7gj+JaIHiY4GPkqRiBVq5+fq0p5XMhYHXIQuA34m4WmB7gRuQSNvBcJ1oJ+wZSdtgnkSDR4g+R7GHh1G0A",
      "type": "string"
    }
  },
  "resources": [
    {
      "mode": "managed",
      "type": "aws_iam_group",
      "name": "group",
      "provider": "provider[\"registry.terraform.io/hashicorp/aws\"]",
      "instances": [
        {
          "schema_version": 0,
          "attributes": {
            "arn": "arn:aws:iam::450980460849:group/stack-group",
            "id": "stack-group",
            "name": "stack-group",
            "path": "/",
            "unique_id": "AGPAWSAEHXEY2AWYR57SO"
          },
          "sensitive_attributes": [],
          "private": "bnVsbA=="
        }
      ]
    },
    {
      "mode": "managed",
      "type": "aws_iam_group_membership",
      "name": "team",
      "provider": "provider[\"registry.terraform.io/hashicorp/aws\"]",
      "instances": [
        {
          "schema_version": 0,
          "attributes": {
            "group": "stack-group",
            "id": "stack-group-membership",
            "name": "stack-group-membership",
            "users": [
              "stackuser1"
            ]
          },
          "sensitive_attributes": [],
          "private": "bnVsbA==",
          "dependencies": [
            "aws_iam_group.group",
            "aws_iam_user.user"
          ]
        }
      ]
    },
    {
      "mode": "managed",
      "type": "aws_iam_policy",
      "name": "policy",
      "provider": "provider[\"registry.terraform.io/hashicorp/aws\"]",
      "instances": [
        {
          "schema_version": 0,
          "attributes": {
            "arn": "arn:aws:iam::450980460849:policy/stack-ec2-iam-s3",
            "description": "A policy that gives ec2, iam, s3 access",
            "id": "arn:aws:iam::450980460849:policy/stack-ec2-iam-s3",
            "name": "stack-ec2-iam-s3",
            "name_prefix": null,
            "path": "/",
            "policy": "{\r\n  \"Version\": \"2012-10-17\",\r\n  \"Statement\": [\r\n    {\r\n      \"Action\": \"ec2:*\",\r\n      \"Effect\": \"Allow\",\r\n      \"Resource\": \"*\"\r\n    },\r\n    {\r\n      \"Action\": \"s3:*\",\r\n      \"Effect\": \"Allow\",\r\n      \"Resource\": \"*\"\r\n    },\r\n    {\r\n      \"Action\": \"iam:*\",\r\n      \"Effect\": \"Allow\",\r\n      \"Resource\": \"*\"\r\n    }\r\n  ]\r\n}\r\n"
          },
          "sensitive_attributes": [],
          "private": "bnVsbA=="
        }
      ]
    },
    {
      "mode": "managed",
      "type": "aws_iam_policy_attachment",
      "name": "stack-attach",
      "provider": "provider[\"registry.terraform.io/hashicorp/aws\"]",
      "instances": [
        {
          "schema_version": 0,
          "attributes": {
            "groups": [
              "stack-group"
            ],
            "id": "stack-attachment",
            "name": "stack-attachment",
            "policy_arn": "arn:aws:iam::450980460849:policy/stack-ec2-iam-s3",
            "roles": null,
            "users": null
          },
          "sensitive_attributes": [],
          "private": "bnVsbA==",
          "dependencies": [
            "aws_iam_group.group",
            "aws_iam_policy.policy"
          ]
        }
      ]
    },
    {
      "mode": "managed",
      "type": "aws_iam_user",
      "name": "user",
      "provider": "provider[\"registry.terraform.io/hashicorp/aws\"]",
      "instances": [
        {
          "schema_version": 0,
          "attributes": {
            "arn": "arn:aws:iam::450980460849:user/stackuser1",
            "force_destroy": true,
            "id": "stackuser1",
            "name": "stackuser1",
            "path": "/",
            "permissions_boundary": "arn:aws:iam::aws:policy/AmazonS3FullAccess",
            "tags": {},
            "unique_id": "AIDAWSAEHXEYYX246TATF"
          },
          "sensitive_attributes": [],
          "private": "bnVsbA=="
        }
      ]
    },
    {
      "mode": "managed",
      "type": "aws_iam_user_login_profile",
      "name": "log-prof",
      "provider": "provider[\"registry.terraform.io/hashicorp/aws\"]",
      "instances": [
        {
          "schema_version": 0,
          "attributes": {
            "encrypted_password": "wcFMA4Cn7pdX/QhbARAAOfjgUHwx2oGpz0y7TkQ3VB8WvkpSQebI/uQH6SCg1vjM26iJqpCZYyce66ySGiKfR3tbqDi0dHdYV2YjwWI1o/IYMF44dZAv8EJ1RJesc4XOFWONwnnhH0ZA9GC9r4zlkvBtFVfeTRqUoYQmfLRaA7VjKeP8P/LZeJyH6BLsPivJ87hikM43RDLynEE4TqE3HXIO/aNXFwAx+TfS6yvBuijrRCUnCVV4LcW2ygyeYBNXEIhbDv6p7NOKDFpes5hhf2kwpW4YbMS11vNVsCf/ORVMyM5v0vlb2OcglGyEie5k4TznbcQryugcBZDgMBfzpuveRyNpAMcD9ROXShTmH3Oo6MBUUJPJZac8LDBp5/peq3BKNvtXc9J89WekUXmGmvBsgimd5jVvamFwE44fiTfSTmkT1S8ttTU0OP+FZhAqCN9xbneAvRGaoeBhoPo8SlCzj7nc0nYg4BjRhh73o7smZvVBN0dhAgI7PF8Yl/HP0DUirWYDndSVw9Utfsu9BLmdUjaqYvT8TgaUet9psbIoVeO8UEJ6Hfqr6xNG2cGbpIPkR9MpcyTk04GTpZ3jh2sBRDulb9PUou4ISph5qjxRRXu4JY0vcVim1CmId5XDBL8huuDKYsyCc2AOSGHu0JNvNYzayhLLpg56zqsSRulR+fgi0HLRS8lM4NUiSmjS4AHk9hAmIyuxrU4hqvK5Zu8ZhuHIGeB54Gjha/7gj+JaIHiY4GPkqRiBVq5+fq0p5XMhYHXIQuA34m4WmB7gRuQSNvBcJ1oJ+wZSdtgnkSDR4g+R7GHh1G0A",
            "id": "stackuser1",
            "key_fingerprint": "eff8068709e1722ddd36d74d23b603dba00316b9",
            "password_length": 20,
            "password_reset_required": true,
            "pgp_key": "keybase:habeeboba",
            "user": "stackuser1"
          },
          "sensitive_attributes": [],
          "private": "bnVsbA==",
          "dependencies": [
            "aws_iam_user.user"
          ]
        }
      ]
    }
  ]
}
